PODS:
  - CalendarKit (1.1.9)
  - Charts (4.1.0):
    - Charts/Core (= 4.1.0)
  - Charts/Core (4.1.0):
    - SwiftAlgorithms (~> 1.0)
  - DropDown (2.3.13)
  - Realm (10.38.0):
    - Realm/Headers (= 10.38.0)
  - Realm/Headers (10.38.0)
  - RealmSwift (10.38.0):
    - Realm (= 10.38.0)
  - SwiftAlgorithms (1.0.0)
  - TinyConstraints (4.0.2)

DEPENDENCIES:
  - CalendarKit
  - Charts
  - DropDown
  - RealmSwift
  - TinyConstraints

SPEC REPOS:
  trunk:
    - CalendarKit
    - Charts
    - DropDown
    - Realm
    - RealmSwift
    - SwiftAlgorithms
    - TinyConstraints

SPEC CHECKSUMS:
  CalendarKit: 0c19eabfc09a6d2b32d2e7fe392e2fe5996622af
  Charts: 354f86803d11d9c35de280587fef50d1af063978
  DropDown: 8a2116376c1981888557f72ec2ffc9a5e0e456ec
  Realm: 5902885dd1d5e71b0b020830caab937ecdf5bf07
  RealmSwift: 0fc037d6c32c7c4fc9362892380f380114ecdcf0
  SwiftAlgorithms: 38dda4731d19027fdeee1125f973111bf3386b53
  TinyConstraints: 7b7ccc0c485bb3bb47082138ff28bc33cd49897f

PODFILE CHECKSUM: bf6f388c1bf0550955a94e6285dab3206d88390b

COCOAPODS: 1.11.3
